# This file is automatically @generated by Cargo.
# It is not intended for manual editing.
version = 4

[[package]]
name = "aes"
version = "0.8.4"
source = "registry+https://github.com/rust-lang/crates.io-index"
checksum = "b169f7a6d4742236a0a00c541b845991d0ac43e546831af1249753ab4c3aa3a0"
dependencies = [
 "cfg-if",
 "cipher",
 "cpufeatures",
]

[[package]]
name = "aho-corasick"
version = "1.1.5"
source = "registry+https://github.com/rust-lang/crates.io-index"
checksum = "c982642fa9e8606056828ee9a8505737230110bb1099153c79efe865c59d12ba"
dependencies = [
 "memchr",
]

[[package]]
name = "ahrs"
version = "0.9.0"
source = "git+https://github.com/jmagnuson/ahrs-rs?rev=0b04dfe5e23fd0af9dbea1d24116e4c5b69d3ed9#0b04dfe5e23fd0af9dbea1d24116e4c5b69d3ed9"
dependencies = [
 "nalgebra",
 "num-traits",
 "simba",
]

[[package]]
name = "approx"
version = "0.5.1"
source = "registry+https://github.com/rust-lang/crates.io-index"
checksum = "cab112f0a86d568ea0e627cc1d6be74a1e9cd55214684db5561995f6dad897c6"
dependencies = [
 "num-traits",
]

[[package]]
name = "atomic-polyfill"
version = "1.0.3"
source = "registry+https://github.com/rust-lang/crates.io-index"
checksum = "8cf2bce30dfe09ef0bfaef228b9d414faaf7e563035494d7fe092dba54b300f4"
dependencies = [
 "critical-section",
]

[[package]]
name = "atsamd-hal"
version = "0.23.4"
source = "registry+https://github.com/rust-lang/crates.io-index"
checksum = "39c67adce8d1f71bc306224f984071dd3307c31a2455338937d2f4006bcb240d"
dependencies = [
 "aes",
 "atsamd-hal-macros",
 "atsamd21g",
 "bitfield",
 "bitflags",
 "cipher",
 "cortex-m",
 "critical-section",
 "embedded-hal 0.2.7",
 "embedded-hal 1.0.0",
 "embedded-hal-nb",
 "embedded-io 0.6.1",
 "fugit",
 "heapless 0.8.0",
 "modular-bitfield",
 "nb 1.1.0",
 "num-traits",
 "opaque-debug",
 "paste",
 "rand_core 0.9.5",
 "seq-macro",
 "sorted-hlist",
 "typenum",
 "void",
]

[[package]]
name = "atsamd-hal-macros"
version = "0.3.0"
source = "registry+https://github.com/rust-lang/crates.io-index"
checksum = "ae9d1e473cf24a5deb7966c2e2559e0d739ca7734c0f1b9a058ef31e8188e9f4"
dependencies = [
 "litrs 0.4.2",
 "phf",
 "phf_codegen",
 "serde",
 "serde_yaml",
]

[[package]]
name = "atsamd21g"
version = "0.14.2"
source = "registry+https://github.com/rust-lang/crates.io-index"
checksum = "b75057d225ba63292f7a6bf6d148f048e69e5a4ea88031f09a56131ff8f9f743"
dependencies = [
 "cortex-m",
 "cortex-m-rt",
 "critical-section",
 "vcell",
]

[[package]]
name = "autocfg"
version = "1.5.1"
source = "registry+https://github.com/rust-lang/crates.io-index"
checksum = "f2032f911046de80f0a198e0901378627c33f59ea0ac00e363d481118bd70a53"

[[package]]
name = "bare-metal"
version = "0.2.5"
source = "registry+https://github.com/rust-lang/crates.io-index"
checksum = "5deb64efa5bd81e31fcd1938615a6d98c82eafcbcd787162b6f63b91d6bac5b3"
dependencies = [
 "rustc_version 0.2.3",
]

[[package]]
name = "bitfield"
version = "0.13.2"
source = "registry+https://github.com/rust-lang/crates.io-index"
checksum = "46afbd2983a5d5a7bd740ccb198caf5b82f45c40c09c0eed36052d91cb92e719"

[[package]]
name = "bitflags"
version = "2.13.2"
source = "registry+https://github.com/rust-lang/crates.io-index"
checksum = "3ded4057c258ba199e2d26386d3af3780957ecaee6c4ef4041c6b4b8b97c0b06"

[[package]]
name = "by_address"
version = "1.2.1"
source = "registry+https://github.com/rust-lang/crates.io-index"
checksum = "64fa3c856b712db6612c019f14756e64e4bcea13337a6b33b696333a9eaa2d06"

[[package]]
name = "bytemuck"
version = "1.25.2"
source = "registry+https://github.com/rust-lang/crates.io-index"
checksum = "95832e849adfb21180ccb6826a99da14e5d266ae5c2e668e1602cf234f153797"
dependencies = [
 "bytemuck_derive",
]

[[package]]
name = "bytemuck_derive"
version = "1.12.0"
source = "registry+https://github.com/rust-lang/crates.io-index"
checksum = "fc0e56a716f1e132ff6bf4bdac1c944a3fcdc1cae65f70a4a2a1ac3b401d2d1f"
dependencies = [
 "proc-macro2",
 "quote",
 "syn 3.0.5",
]

[[package]]
name = "byteorder"
version = "1.5.0"
source = "registry+https://github.com/rust-lang/crates.io-index"
checksum = "1fd0f2584146f6f2ef48085050886acf353beff7305ebd1ae69500e27c67f64b"

[[package]]
name = "cc"
version = "1.4.5"
source = "registry+https://github.com/rust-lang/crates.io-index"
checksum = "005ec2760ca554fae18df7a11195552ec576cd665632a881bc011d5bb2fd4d80"
dependencies = [
 "find-msvc-tools",
 "shlex",
]

[[package]]
name = "cfg-if"
version = "1.0.4"
source = "registry+https://github.com/rust-lang/crates.io-index"
checksum = "9330f8b2ff13f34540b44e946ef35111825727b38d33286ef986142615121801"

[[package]]
name = "cipher"
version = "0.4.4"
source = "registry+https://github.com/rust-lang/crates.io-index"
checksum = "773f3b9af64447d2ce9850330c473515014aa235e6a783b02db81ff39e4a3dad"
dependencies = [
 "crypto-common",
 "inout",
]

[[package]]
name = "circular-buffer"
version = "2.0.1"
source = "registry+https://github.com/rust-lang/crates.io-index"
checksum = "662f6b21c6e889ee4e3f449e197c40f03603472fcd40c709093d386e3dca07cf"

[[package]]
name = "cobs"
version = "0.3.0"
source = "registry+https://github.com/rust-lang/crates.io-index"
checksum = "0fa961b519f0b462e3a3b4a34b64d119eeaca1d59af726fe450bbba07a9fc0a1"
dependencies = [
 "thiserror",
]

[[package]]
name = "cobs"
version = "0.5.1"
source = "registry+https://github.com/rust-lang/crates.io-index"
checksum = "dd93fd2c1b27acd030440c9dbd9d14c1122aad622374fe05a670b67a4bc034be"
dependencies = [
 "heapless 0.9.3",
 "thiserror",
]

[[package]]
name = "cordyceps"
version = "0.3.5"
source = "registry+https://github.com/rust-lang/crates.io-index"
checksum = "5b9ab7e0ca1d179628fa0172b2b97203c7fa0cd81be2448bd446fb9559ca9261"
dependencies = [
 "loom",
 "tracing",
]

[[package]]
name = "cortex-m"
version = "0.7.9"
source = "registry+https://github.com/rust-lang/crates.io-index"
checksum = "844b9697e922c99847eed515c6eb6d101e7ce62ff556fcaec243798291427ee8"
dependencies = [
 "bare-metal",
 "bitfield",
 "cortex-m-macros",
 "critical-section",
 "embedded-hal 0.2.7",
 "embedded-hal 1.0.0",
 "volatile-register",
]

[[package]]
name = "cortex-m-macros"
version = "0.7.8"
source = "registry+https://github.com/rust-lang/crates.io-index"
checksum = "6d1922be58519ad40368fc4ca595a2cefa51a7abf947be3b0c90586dc7dbd0e2"
dependencies = [
 "proc-macro2",
 "quote",
 "syn 2.0.119",
]

[[package]]
name = "cortex-m-rt"
version = "0.7.6"
source = "registry+https://github.com/rust-lang/crates.io-index"
checksum = "9c439b23bf18154d8a634543caf1ee73cceb723f2902f7ea243634159a00fd47"
dependencies = [
 "cortex-m-rt-macros",
]

[[package]]
name = "cortex-m-rt-macros"
version = "0.7.6"
source = "registry+https://github.com/rust-lang/crates.io-index"
checksum = "061a75f3e7f3f01d649668d68e02d0ef92c7041a9c97b8fe6bc354ddbf40822d"
dependencies = [
 "proc-macro2",
 "quote",
 "syn 2.0.119",
]

[[package]]
name = "cortex-m-semihosting"
version = "0.6.0"
source = "registry+https://github.com/rust-lang/crates.io-index"
checksum = "fb6d409db102d77600a714dfa93744e379d9a7e03cbb175d64f09e14d3e921a2"
dependencies = [
 "critical-section",
]

[[package]]
name = "cpufeatures"
version = "0.2.17"
source = "registry+https://github.com/rust-lang/crates.io-index"
checksum = "59ed5838eebb26a2bb2e58f6d5b5316989ae9d08bab10e0e6d103e656d1b0280"
dependencies = [
 "libc",
]

[[package]]
name = "crc"
version = "3.4.0"
source = "registry+https://github.com/rust-lang/crates.io-index"
checksum = "5eb8a2a1cd12ab0d987a5d5e825195d372001a4094a0376319d5a0ad71c1ba0d"
dependencies = [
 "crc-catalog",
]

[[package]]
name = "crc-catalog"
version = "2.5.0"
source = "registry+https://github.com/rust-lang/crates.io-index"
checksum = "217698eaf96b4a3f0bc4f3662aaa55bdf913cd54d7204591faa790070c6d0853"

[[package]]
name = "critical-section"
version = "1.2.0"
source = "registry+https://github.com/rust-lang/crates.io-index"
checksum = "790eea4361631c5e7d22598ecd5723ff611904e3344ce8720784c93e3d83d40b"

[[package]]
name = "crypto-common"
version = "0.1.7"
source = "registry+https://github.com/rust-lang/crates.io-index"
checksum = "78c8292055d1c1df0cce5d180393dc8cce0abec0a7102adb6c7b1eef6016d60a"
dependencies = [
 "generic-array",
 "typenum",
]

[[package]]
name = "darling"
version = "0.20.11"
source = "registry+https://github.com/rust-lang/crates.io-index"
checksum = "fc7f46116c46ff9ab3eb1597a45688b6715c6e628b5c133e288e709a29bcb4ee"
dependencies = [
 "darling_core",
 "darling_macro",
]

[[package]]
name = "darling_core"
version = "0.20.11"
source = "registry+https://github.com/rust-lang/crates.io-index"
checksum = "0d00b9596d185e565c2207a0b01f8bd1a135483d02d9b7b0a54b11da8d53412e"
dependencies = [
 "fnv",
 "ident_case",
 "proc-macro2",
 "quote",
 "strsim",
 "syn 2.0.119",
]

[[package]]
name = "darling_macro"
version = "0.20.11"
source = "registry+https://github.com/rust-lang/crates.io-index"
checksum = "fc34b93ccb385b40dc71c6fceac4b2ad23662c7eeb248cf10d529b7e055b6ead"
dependencies = [
 "darling_core",
 "quote",
 "syn 2.0.119",
]

[[package]]
name = "document-features"
version = "0.2.12"
source = "registry+https://github.com/rust-lang/crates.io-index"
checksum = "d4b8a88685455ed29a21542a33abd9cb6510b6b129abadabdcef0f4c55bc8f61"
dependencies = [
 "litrs 1.0.0",
]

[[package]]
name = "either"
version = "1.18.0"
source = "registry+https://github.com/rust-lang/crates.io-index"
checksum = "252afb9ae5eaa683babdc6a068b3f5726eb19e05070c731f9b2a23a7c3e8ed34"

[[package]]
name = "embassy-executor"
version = "0.10.0"
source = "registry+https://github.com/rust-lang/crates.io-index"
checksum = "5d0d3b15c9d7dc4fec1d8cb77112472fb008b3b28c51ad23838d83587a6d2f1e"
dependencies = [
 "cordyceps",
 "cortex-m",
 "critical-section",
 "document-features",
 "embassy-executor-macros",
 "embassy-executor-timer-queue",
 "log",
]

[[package]]
name = "embassy-executor-macros"
version = "0.8.0"
source = "registry+https://github.com/rust-lang/crates.io-index"
checksum = "d11a246f53de5f97a387f40ac24726817cd0b6f833e7603baac784f29d6ff276"
dependencies = [
 "darling",
 "proc-macro2",
 "quote",
 "syn 2.0.119",
]

[[package]]
name = "embassy-executor-timer-queue"
version = "0.1.0"
source = "registry+https://github.com/rust-lang/crates.io-index"
checksum = "2fc328bf943af66b80b98755db9106bf7e7471b0cf47dc8559cd9a6be504cc9c"

[[package]]
name = "embassy-sync"
version = "0.8.0"
source = "registry+https://github.com/rust-lang/crates.io-index"
checksum = "7bbd85cf5a5ae56bdf26f618364af642d1d0a4e245cdd75cd9aabda382f65a81"
dependencies = [
 "cfg-if",
 "critical-section",
 "embedded-io-async",
 "futures-core",
 "futures-sink",
 "heapless 0.9.3",
 "log",
]

[[package]]
name = "embedded-hal"
version = "0.2.7"
source = "registry+https://github.com/rust-lang/crates.io-index"
checksum = "35949884794ad573cf46071e41c9b60efb0cb311e3ca01f7af807af1debc66ff"
dependencies = [
 "nb 0.1.3",
 "void",
]

[[package]]
name = "embedded-hal"
version = "1.0.0"
source = "registry+https://github.com/rust-lang/crates.io-index"
checksum = "361a90feb7004eca4019fb28352a9465666b24f840f5c3cddf0ff13920590b89"

[[package]]
name = "embedded-hal-nb"
version = "1.0.0"
source = "registry+https://github.com/rust-lang/crates.io-index"
checksum = "fba4268c14288c828995299e59b12babdbe170f6c6d73731af1b4648142e8605"
dependencies = [
 "embedded-hal 1.0.0",
 "nb 1.1.0",
]

[[package]]
name = "embedded-io"
version = "0.6.1"
source = "registry+https://github.com/rust-lang/crates.io-index"
checksum = "edd0f118536f44f5ccd48bcb8b111bdc3de888b58c74639dfb034a357d0f206d"

[[package]]
name = "embedded-io"
version = "0.7.1"
source = "registry+https://github.com/rust-lang/crates.io-index"
checksum = "9eb1aa714776b75c7e67e1da744b81a129b3ff919c8712b5e1b32252c1f07cc7"

[[package]]
name = "embedded-io-async"
version = "0.7.0"
source = "registry+https://github.com/rust-lang/crates.io-index"
checksum = "2564b9f813c544241430e147d8bc454815ef9ac998878d30cc3055449f7fd4c0"
dependencies = [
 "embedded-io 0.7.1",
]

[[package]]
name = "enterpolation"
version = "0.3.0"
source = "registry+https://github.com/rust-lang/crates.io-index"
checksum = "a22807a89be4e84d1bb3bd023149103da0e3d16f8e322fb1990a61285a484a10"
dependencies = [
 "num-traits",
 "topology-traits",
]

[[package]]
name = "equivalent"
version = "1.0.2"
source = "registry+https://github.com/rust-lang/crates.io-index"
checksum = "877a4ace8713b0bcf2a4e7eec82529c029f1d0619886d18145fea96c3ffe5c0f"

[[package]]
name = "feather_m0"
version = "0.20.4"
source = "registry+https://github.com/rust-lang/crates.io-index"
checksum = "07e9e62ffe2eae677153ed5a9a046f69f5e47694cc335c2b8f62b328d193d208"
dependencies = [
 "atsamd-hal",
 "cortex-m",
 "cortex-m-rt",
]

[[package]]
name = "find-msvc-tools"
version = "0.1.12"
source = "registry+https://github.com/rust-lang/crates.io-index"
checksum = "3e0f1c7c3a72c66fd80abe965175f7523475c0489a87d3ff9d6e8c87d87a9d2d"

[[package]]
name = "fnv"
version = "1.0.7"
source = "registry+https://github.com/rust-lang/crates.io-index"
checksum = "3f9eec918d3f24069decb9af1554cad7c880e2da24a9afd88aca000531ab82c1"

[[package]]
name = "fugit"
version = "0.3.9"
source = "registry+https://github.com/rust-lang/crates.io-index"
checksum = "4e639847d312d9a82d2e75b0edcc1e934efcc64e6cb7aa94f0b1fbec0bc231d6"
dependencies = [
 "gcd",
]

[[package]]
name = "futures-core"
version = "0.3.34"
source = "registry+https://github.com/rust-lang/crates.io-index"
checksum = "92d699e522242e69e3003b94ecc1f960f3a5e015aa7c5d7486e65ad01dd94f5e"

[[package]]
name = "futures-sink"
version = "0.3.34"
source = "registry+https://github.com/rust-lang/crates.io-index"
checksum = "1944426bf7d03f1d14f708785e4b33efd750b36d48a157b836b3efc15ede8e1d"

[[package]]
name = "gcd"
version = "2.3.0"
source = "registry+https://github.com/rust-lang/crates.io-index"
checksum = "1d758ba1b47b00caf47f24925c0074ecb20d6dfcffe7f6d53395c0465674841a"

[[package]]
name = "generator"
version = "0.8.9"
source = "registry+https://github.com/rust-lang/crates.io-index"
checksum = "b3b854b0e584ead1a33f18b2fcad7cf7be18b3875c78816b753639aa501513ae"
dependencies = [
 "cc",
 "cfg-if",
 "libc",
 "log",
 "rustversion",
 "windows-link",
 "windows-result",
]

[[package]]
name = "generic-array"
version = "0.14.7"
source = "registry+https://github.com/rust-lang/crates.io-index"
checksum = "85649ca51fd72272d7821adaf274ad91c288277713d9c18820d8499a7ff69e9a"
dependencies = [
 "typenum",
 "version_check",
]

[[package]]
name = "hash32"
version = "0.2.1"
source = "registry+https://github.com/rust-lang/crates.io-index"
checksum = "b0c35f58762feb77d74ebe43bdbc3210f09be9fe6742234d573bacc26ed92b67"
dependencies = [
 "byteorder",
]

[[package]]
name = "hash32"
version = "0.3.1"
source = "registry+https://github.com/rust-lang/crates.io-index"
checksum = "47d60b12902ba28e2730cd37e95b8c9223af2808df9e902d4df49588d1470606"
dependencies = [
 "byteorder",
]

[[package]]
name = "hashbrown"
version = "0.17.1"
source = "registry+https://github.com/rust-lang/crates.io-index"
checksum = "ed5909b6e89a2db4456e54cd5f673791d7eca6732202bbf2a9cc504fe2f9b84a"

[[package]]
name = "heapless"
version = "0.7.17"
source = "registry+https://github.com/rust-lang/crates.io-index"
checksum = "cdc6457c0eb62c71aac4bc17216026d8410337c4126773b9c5daba343f17964f"
dependencies = [
 "atomic-polyfill",
 "hash32 0.2.1",
 "rustc_version 0.4.1",
 "serde",
 "spin",
 "stable_deref_trait",
]

[[package]]
name = "heapless"
version = "0.8.0"
source = "registry+https://github.com/rust-lang/crates.io-index"
checksum = "0bfb9eb618601c89945a70e254898da93b13be0388091d42117462b265bb3fad"
dependencies = [
 "hash32 0.3.1",
 "stable_deref_trait",
]

[[package]]
name = "heapless"
version = "0.9.3"
source = "registry+https://github.com/rust-lang/crates.io-index"
checksum = "25ba4bd83f9415b58b4ed8dc5714c76e626a105be4646c02630ad730ad3b5aa4"
dependencies = [
 "hash32 0.3.1",
 "portable-atomic",
 "serde_core",
 "stable_deref_trait",
]

[[package]]
name = "i24"
version = "2.3.5"
source = "registry+https://github.com/rust-lang/crates.io-index"
checksum = "7e22122006ada38509ff99640386102f27a31e7f7239ae2151e30852f1741031"
dependencies = [
 "bytemuck",
 "num-traits",
]

[[package]]
name = "ident_case"
version = "1.0.1"
source = "registry+https://github.com/rust-lang/crates.io-index"
checksum = "b9e0384b61958566e926dc50660321d12159025e767c18e043daf26b70104c39"

[[package]]
name = "indexmap"
version = "2.14.2"
source = "registry+https://github.com/rust-lang/crates.io-index"
checksum = "cc4e190f5d26ca7051642629da2c52fc03bde85a03197c99408dcd291734c855"
dependencies = [
 "equivalent",
 "hashbrown",
]

[[package]]
name = "inout"
version = "0.1.4"
source = "registry+https://github.com/rust-lang/crates.io-index"
checksum = "879f10e63c20629ecabbb64a8010319738c66a5cd0c29b02d63d272b03751d01"
dependencies = [
 "generic-array",
]

[[package]]
name = "itertools"
version = "0.15.0"
source = "registry+https://github.com/rust-lang/crates.io-index"
checksum = "8b4baf93f58d4425749ca49a51c50ebab072c5df6994d08fed93541c331481dc"
dependencies = [
 "either",
]

[[package]]
name = "itoa"
version = "1.0.18"
source = "registry+https://github.com/rust-lang/crates.io-index"
checksum = "8f42a60cbdf9a97f5d2305f08a87dc4e09308d1276d28c869c684d7777685682"

[[package]]
name = "lazy_static"
version = "1.5.0"
source = "registry+https://github.com/rust-lang/crates.io-index"
checksum = "bbd2bcb4c963f2ddae06a2efc7e9f3591312473c50c6685e1f298068316e66fe"

[[package]]
name = "libc"
version = "0.2.189"
source = "registry+https://github.com/rust-lang/crates.io-index"
checksum = "3eaf3ede3fee6db1a4c2ee091bf8a8b4dccdc6d17f656fb07896ee72867612f2"

[[package]]
name = "libm"
version = "0.2.16"
source = "registry+https://github.com/rust-lang/crates.io-index"
checksum = "b6d2cec3eae94f9f509c767b45932f1ada8350c4bdb85af2fcab4a3c14807981"

[[package]]
name = "litrs"
version = "0.4.2"
source = "registry+https://github.com/rust-lang/crates.io-index"
checksum = "f5e54036fe321fd421e10d732f155734c4e4afd610dd556d9a82833ab3ee0bed"
dependencies = [
 "proc-macro2",
]

[[package]]
name = "litrs"
version = "1.0.0"
source = "registry+https://github.com/rust-lang/crates.io-index"
checksum = "11d3d7f243d5c5a8b9bb5d6dd2b1602c0cb0b9db1621bafc7ed66e35ff9fe092"

[[package]]
name = "lock_api"
version = "0.4.14"
source = "registry+https://github.com/rust-lang/crates.io-index"
checksum = "224399e74b87b5f3557511d98dff8b14089b3dadafcab6bb93eab67d3aace965"
dependencies = [
 "scopeguard",
]

[[package]]
name = "log"
version = "0.4.34"
source = "registry+https://github.com/rust-lang/crates.io-index"
checksum = "f9f8bd3e56ce4dfc153cf470fffbfa98c7620958b312ca5c3a4b8d5181fd13c6"

[[package]]
name = "loom"
version = "0.7.2"
source = "registry+https://github.com/rust-lang/crates.io-index"
checksum = "419e0dc8046cb947daa77eb95ae174acfbddb7673b4151f56d1eed8e93fbfaca"
dependencies = [
 "cfg-if",
 "generator",
 "scoped-tls",
 "tracing",
 "tracing-subscriber",
]

[[package]]
name = "matchers"
version = "0.2.0"
source = "registry+https://github.com/rust-lang/crates.io-index"
checksum = "d1525a2a28c7f4fa0fc98bb91ae755d1e2d1505079e05539e35bc876b5d65ae9"
dependencies = [
 "regex-automata",
]

[[package]]
name = "memchr"
version = "2.8.3"
source = "registry+https://github.com/rust-lang/crates.io-index"
checksum = "cf8baf1c55e62ffcace7a9f06f4bd9cd3f0c4beb022d3b367256b91b87513d98"

[[package]]
name = "microfft"
version = "0.6.0"
source = "registry+https://github.com/rust-lang/crates.io-index"
checksum = "f2b6673eb0cc536241d6734c2ca45abfdbf90e9e7791c66a36a7ba3c315b76cf"
dependencies = [
 "cfg-if",
 "num-complex",
 "static_assertions",
]

[[package]]
name = "micromath"
version = "2.1.0"
source = "registry+https://github.com/rust-lang/crates.io-index"
checksum = "c3c8dda44ff03a2f238717214da50f65d5a53b45cd213a7370424ffdb6fae815"

[[package]]
name = "modular-bitfield"
version = "0.11.2"
source = "registry+https://github.com/rust-lang/crates.io-index"
checksum = "a53d79ba8304ac1c4f9eb3b9d281f21f7be9d4626f72ce7df4ad8fbde4f38a74"
dependencies = [
 "modular-bitfield-impl",
 "static_assertions",
]

[[package]]
name = "modular-bitfield-impl"
version = "0.11.2"
source = "registry+https://github.com/rust-lang/crates.io-index"
checksum = "5a7d5f7076603ebc68de2dc6a650ec331a062a13abaa346975be747bbfa4b789"
dependencies = [
 "proc-macro2",
 "quote",
 "syn 1.0.109",
]

[[package]]
name = "musical-feather-m0"
version = "0.1.0"
dependencies = [
 "cortex-m",
 "cortex-m-rt",
 "embassy-executor",
 "embassy-sync",
 "feather_m0",
 "heapless 0.9.3",
 "log",
 "musical-lights-core",
 "panic-halt",
 "panic-semihosting",
]

[[package]]
name = "musical-lights-core"
version = "1.0.0"
dependencies = [
 "ahrs",
 "circular-buffer",
 "cobs 0.5.1",
 "crc",
 "enterpolation",
 "heapless 0.9.3",
 "i24",
 "itertools",
 "log",
 "microfft",
 "micromath",
 "nalgebra",
 "num",
 "num-complex",
 "palette",
 "postcard",
 "serde",
 "smart-leds",
 "thiserror",
]

[[package]]
name = "nalgebra"
version = "0.35.0"
source = "registry+https://github.com/rust-lang/crates.io-index"
checksum = "adc43a60c217b0c6ff46e47f26911015ad8d2e5a8be1af668c67e370d99a4346"
dependencies = [
 "approx",
 "num-complex",
 "num-rational",
 "num-traits",
 "simba",
 "typenum",
]

[[package]]
name = "nb"
version = "0.1.3"
source = "registry+https://github.com/rust-lang/crates.io-index"
checksum = "801d31da0513b6ec5214e9bf433a77966320625a37860f910be265be6e18d06f"
dependencies = [
 "nb 1.1.0",
]

[[package]]
name = "nb"
version = "1.1.0"
source = "registry+https://github.com/rust-lang/crates.io-index"
checksum = "8d5439c4ad607c3c23abf66de8c8bf57ba8adcd1f129e699851a6e43935d339d"

[[package]]
name = "nu-ansi-term"
version = "0.50.3"
source = "registry+https://github.com/rust-lang/crates.io-index"
checksum = "7957b9740744892f114936ab4a57b3f487491bbeafaf8083688b16841a4240e5"
dependencies = [
 "windows-sys",
]

[[package]]
name = "num"
version = "0.4.3"
source = "registry+https://github.com/rust-lang/crates.io-index"
checksum = "35bd024e8b2ff75562e5f34e7f4905839deb4b22955ef5e73d2fea1b9813cb23"
dependencies = [
 "num-complex",
 "num-integer",
 "num-iter",
 "num-rational",
 "num-traits",
]

[[package]]
name = "num-complex"
version = "0.4.6"
source = "registry+https://github.com/rust-lang/crates.io-index"
checksum = "73f88a1307638156682bada9d7604135552957b7818057dcef22705b4d509495"
dependencies = [
 "num-traits",
]

[[package]]
name = "num-integer"
version = "0.1.47"
source = "registry+https://github.com/rust-lang/crates.io-index"
checksum = "7ce2d95d4b3734dc35aa2f45e1aa22cd416814592a4f9d9205e11affd5b8e10b"
dependencies = [
 "num-traits",
]

[[package]]
name = "num-iter"
version = "0.1.46"
source = "registry+https://github.com/rust-lang/crates.io-index"
checksum = "c92800bd69a1eac91786bcfe9da64a897eb72911b8dc3095decbd07429e8048b"
dependencies = [
 "num-integer",
 "num-traits",
]

[[package]]
name = "num-rational"
version = "0.4.2"
source = "registry+https://github.com/rust-lang/crates.io-index"
checksum = "f83d14da390562dca69fc84082e73e548e1ad308d24accdedd2720017cb37824"
dependencies = [
 "num-integer",
 "num-traits",
]

[[package]]
name = "num-traits"
version = "0.2.19"
source = "registry+https://github.com/rust-lang/crates.io-index"
checksum = "071dfc062690e90b734c0b2273ce72ad0ffa95f0c74596bc250dcfd960262841"
dependencies = [
 "autocfg",
 "libm",
]

[[package]]
name = "once_cell"
version = "1.21.4"
source = "registry+https://github.com/rust-lang/crates.io-index"
checksum = "9f7c3e4beb33f85d45ae3e3a1792185706c8e16d043238c593331cc7cd313b50"

[[package]]
name = "opaque-debug"
version = "0.3.1"
source = "registry+https://github.com/rust-lang/crates.io-index"
checksum = "c08d65885ee38876c4f86fa503fb49d7b507c2b62552df7c70b2fce627e06381"

[[package]]
name = "palette"
version = "0.7.7"
source = "registry+https://github.com/rust-lang/crates.io-index"
checksum = "ddeed8580d347d2abf3dcf06a5f0b3dc020258338526b277847cd4248a70fc64"
dependencies = [
 "libm",
 "palette_derive",
 "palette_math",
]

[[package]]
name = "palette_derive"
version = "0.7.7"
source = "registry+https://github.com/rust-lang/crates.io-index"
checksum = "88537020289b719d81be994ccf1bbf4990f477e2f69ee52fe3e45f43a02e56be"
dependencies = [
 "by_address",
 "proc-macro2",
 "quote",
 "syn 2.0.119",
]

[[package]]
name = "palette_math"
version = "0.7.7"
source = "registry+https://github.com/rust-lang/crates.io-index"
checksum = "6e6eb142958d64335fb0e345c5b9ead2ecd6fc438c307e9d7d3c4fd428dbaf12"
dependencies = [
 "libm",
]

[[package]]
name = "panic-halt"
version = "1.0.0"
source = "registry+https://github.com/rust-lang/crates.io-index"
checksum = "a513e167849a384b7f9b746e517604398518590a9142f4846a32e3c2a4de7b11"

[[package]]
name = "panic-semihosting"
version = "0.7.0"
source = "registry+https://github.com/rust-lang/crates.io-index"
checksum = "b47ca0bef01adaba52d3d86f7cf516bb57315838f29a330dd71355e0c31cfaf0"
dependencies = [
 "cortex-m",
 "cortex-m-semihosting",
]

[[package]]
name = "paste"
version = "1.0.15"
source = "registry+https://github.com/rust-lang/crates.io-index"
checksum = "57c0d7b74b563b49d38dae00a0c37d4d6de9b432382b2892f0574ddcae73fd0a"

[[package]]
name = "phf"
version = "0.11.3"
source = "registry+https://github.com/rust-lang/crates.io-index"
checksum = "1fd6780a80ae0c52cc120a26a1a42c1ae51b247a253e4e06113d23d2c2edd078"
dependencies = [
 "phf_shared",
]

[[package]]
name = "phf_codegen"
version = "0.11.3"
source = "registry+https://github.com/rust-lang/crates.io-index"
checksum = "aef8048c789fa5e851558d709946d6d79a8ff88c0440c587967f8e94bfb1216a"
dependencies = [
 "phf_generator",
 "phf_shared",
]

[[package]]
name = "phf_generator"
version = "0.11.3"
source = "registry+https://github.com/rust-lang/crates.io-index"
checksum = "3c80231409c20246a13fddb31776fb942c38553c51e871f8cbd687a4cfb5843d"
dependencies = [
 "phf_shared",
 "rand",
]

[[package]]
name = "phf_shared"
version = "0.11.3"
source = "registry+https://github.com/rust-lang/crates.io-index"
checksum = "67eabc2ef2a60eb7faa00097bd1ffdb5bd28e62bf39990626a582201b7a754e5"
dependencies = [
 "siphasher",
]

[[package]]
name = "pin-project-lite"
version = "0.2.17"
source = "registry+https://github.com/rust-lang/crates.io-index"
checksum = "a89322df9ebe1c1578d689c92318e070967d1042b512afbe49518723f4e6d5cd"

[[package]]
name = "portable-atomic"
version = "1.15.0"
source = "registry+https://github.com/rust-lang/crates.io-index"
checksum = "05c8b63e8d9609db387f0324918f81d68fe27748f084ef092fb35954d0539a85"
dependencies = [
 "critical-section",
]

[[package]]
name = "postcard"
version = "1.1.3"
source = "registry+https://github.com/rust-lang/crates.io-index"
checksum = "6764c3b5dd454e283a30e6dfe78e9b31096d9e32036b5d1eaac7a6119ccb9a24"
dependencies = [
 "cobs 0.3.0",
 "crc",
 "heapless 0.7.17",
 "postcard-derive",
 "serde",
]

[[package]]
name = "postcard-derive"
version = "0.2.2"
source = "registry+https://github.com/rust-lang/crates.io-index"
checksum = "e0232bd009a197ceec9cc881ba46f727fcd8060a2d8d6a9dde7a69030a6fe2bb"
dependencies = [
 "proc-macro2",
 "quote",
 "syn 2.0.119",
]

[[package]]
name = "proc-macro2"
version = "1.0.107"
source = "registry+https://github.com/rust-lang/crates.io-index"
checksum = "985e7ec9bb745e6ce6535b544d84d6cd6f7ad8bd711c398938ae983b91a766d9"
dependencies = [
 "unicode-ident",
]

[[package]]
name = "quote"
version = "1.0.47"
source = "registry+https://github.com/rust-lang/crates.io-index"
checksum = "1fbf4db142a473a8d80c26bbf18454ed458bf8d26c8219c331daecfdbd079001"
dependencies = [
 "proc-macro2",
]

[[package]]
name = "rand"
version = "0.8.8"
source = "registry+https://github.com/rust-lang/crates.io-index"
checksum = "e058c7de0b26af77780c769414d6257830bb240f3c38477dbc2c16e5f54d6d4c"
dependencies = [
 "rand_core 0.6.4",
]

[[package]]
name = "rand_core"
version = "0.6.4"
source = "registry+https://github.com/rust-lang/crates.io-index"
checksum = "ec0be4795e2f6a28069bec0b5ff3e2ac9bafc99e6a9a7dc3547996c5c816922c"

[[package]]
name = "rand_core"
version = "0.9.5"
source = "registry+https://github.com/rust-lang/crates.io-index"
checksum = "76afc826de14238e6e8c374ddcc1fa19e374fd8dd986b0d2af0d02377261d83c"

[[package]]
name = "regex-automata"
version = "0.4.18"
source = "registry+https://github.com/rust-lang/crates.io-index"
checksum = "ad8553b9b26413251cbf30e620595c7a41b3887f03da04579c0e6b0d6a06b4b2"
dependencies = [
 "aho-corasick",
 "memchr",
 "regex-syntax",
]

[[package]]
name = "regex-syntax"
version = "0.8.11"
source = "registry+https://github.com/rust-lang/crates.io-index"
checksum = "d6f6ff9a378485b298a5286656da665ba74413d36db0979633275d2e708145d4"

[[package]]
name = "rgb"
version = "0.8.53"
source = "registry+https://github.com/rust-lang/crates.io-index"
checksum = "47b34b781b31e5d73e9fbc8689c70551fd1ade9a19e3e28cfec8580a79290cc4"

[[package]]
name = "rustc_version"
version = "0.2.3"
source = "registry+https://github.com/rust-lang/crates.io-index"
checksum = "138e3e0acb6c9fb258b19b67cb8abd63c00679d2851805ea151465464fe9030a"
dependencies = [
 "semver 0.9.0",
]

[[package]]
name = "rustc_version"
version = "0.4.1"
source = "registry+https://github.com/rust-lang/crates.io-index"
checksum = "cfcb3a22ef46e85b45de6ee7e79d063319ebb6594faafcf1c225ea92ab6e9b92"
dependencies = [
 "semver 1.0.28",
]

[[package]]
name = "rustversion"
version = "1.0.23"
source = "registry+https://github.com/rust-lang/crates.io-index"
checksum = "cf54715a573b99ac80df0bc206da022bcd442c974952c7b9720069370852e21f"

[[package]]
name = "ryu"
version = "1.0.23"
source = "registry+https://github.com/rust-lang/crates.io-index"
checksum = "9774ba4a74de5f7b1c1451ed6cd5285a32eddb5cccb8cc655a4e50009e06477f"

[[package]]
name = "scoped-tls"
version = "1.0.1"
source = "registry+https://github.com/rust-lang/crates.io-index"
checksum = "e1cf6437eb19a8f4a6cc0f7dca544973b0b78843adbfeb3683d1a94a0024a294"

[[package]]
name = "scopeguard"
version = "1.2.0"
source = "registry+https://github.com/rust-lang/crates.io-index"
checksum = "94143f37725109f92c262ed2cf5e59bce7498c01bcc1502d7b9afe439a4e9f49"

[[package]]
name = "semver"
version = "0.9.0"
source = "registry+https://github.com/rust-lang/crates.io-index"
checksum = "1d7eb9ef2c18661902cc47e535f9bc51b78acd254da71d375c2f6720d9a40403"
dependencies = [
 "semver-parser",
]

[[package]]
name = "semver"
version = "1.0.28"
source = "registry+https://github.com/rust-lang/crates.io-index"
checksum = "8a7852d02fc848982e0c167ef163aaff9cd91dc640ba85e263cb1ce46fae51cd"

[[package]]
name = "semver-parser"
version = "0.7.0"
source = "registry+https://github.com/rust-lang/crates.io-index"
checksum = "388a1df253eca08550bef6c72392cfe7c30914bf41df5269b68cbd6ff8f570a3"

[[package]]
name = "seq-macro"
version = "0.3.6"
source = "registry+https://github.com/rust-lang/crates.io-index"
checksum = "1bc711410fbe7399f390ca1c3b60ad0f53f80e95c5eb935e52268a0e2cd49acc"

[[package]]
name = "serde"
version = "1.0.229"
source = "registry+https://github.com/rust-lang/crates.io-index"
checksum = "4148590afebada386688f18773da617792bf2ef03ffc1e4cbd2b1d45b023e0ba"
dependencies = [
 "serde_core",
 "serde_derive",
]

[[package]]
name = "serde_core"
version = "1.0.229"
source = "registry+https://github.com/rust-lang/crates.io-index"
checksum = "67dca2c9c51e58a4791a4b1ed58308b39c64224d349a935ab5039aa360942a48"
dependencies = [
 "serde_derive",
]

[[package]]
name = "serde_derive"
version = "1.0.229"
source = "registry+https://github.com/rust-lang/crates.io-index"
checksum = "e7a5d71263a5a7d47b41f6b3f06ba276f10cc18b0931f1799f710578e2309348"
dependencies = [
 "proc-macro2",
 "quote",
 "syn 3.0.5",
]

[[package]]
name = "serde_yaml"
version = "0.9.34+deprecated"
source = "registry+https://github.com/rust-lang/crates.io-index"
checksum = "6a8b1a1a2ebf674015cc02edccce75287f1a0130d394307b36743c2f5d504b47"
dependencies = [
 "indexmap",
 "itoa",
 "ryu",
 "serde",
 "unsafe-libyaml",
]

[[package]]
name = "sharded-slab"
version = "0.1.7"
source = "registry+https://github.com/rust-lang/crates.io-index"
checksum = "f40ca3c46823713e0d4209592e8d6e826aa57e928f09752619fc696c499637f6"
dependencies = [
 "lazy_static",
]

[[package]]
name = "shlex"
version = "2.0.1"
source = "registry+https://github.com/rust-lang/crates.io-index"
checksum = "f8fadd59c855ef2080decdef8ff161eb6661b86933c9d82e5ba29dc602a55aba"

[[package]]
name = "simba"
version = "0.10.2"
source = "registry+https://github.com/rust-lang/crates.io-index"
checksum = "f1a7200d82ff1c7b4235efd12f11e2537a402c91cf83a5cb97ce80eef787fde7"
dependencies = [
 "approx",
 "libm",
 "num-complex",
 "num-traits",
]

[[package]]
name = "siphasher"
version = "1.0.3"
source = "registry+https://github.com/rust-lang/crates.io-index"
checksum = "8ee5873ec9cce0195efcb7a4e9507a04cd49aec9c83d0389df45b1ef7ba2e649"

[[package]]
name = "smallvec"
version = "1.16.0"
source = "registry+https://github.com/rust-lang/crates.io-index"
checksum = "b9be42f50aa861c555654aa3a37f52f4b1074bacf4e48fe0ef7fa584e80f1f0f"

[[package]]
name = "smart-leds"
version = "0.4.0"
source = "registry+https://github.com/rust-lang/crates.io-index"
checksum = "66df34e571fa9993fa6f99131a374d58ca3d694b75f9baac93458fe0d6057bf0"
dependencies = [
 "smart-leds-trait",
]

[[package]]
name = "smart-leds-trait"
version = "0.3.2"
source = "registry+https://github.com/rust-lang/crates.io-index"
checksum = "a7f4441a131924d58da6b83a7ad765c460e64630cce504376c3a87a2558c487f"
dependencies = [
 "rgb",
]

[[package]]
name = "sorted-hlist"
version = "0.2.0"
source = "registry+https://github.com/rust-lang/crates.io-index"
checksum = "e3b3c9d254b6644002aecb837882062fbca9af420d2cd4c2f0e4da248d80571b"
dependencies = [
 "typenum",
]

[[package]]
name = "spin"
version = "0.9.9"
source = "registry+https://github.com/rust-lang/crates.io-index"
checksum = "3763264f6b73151db08c50ff20d7d8a0b8796e021cdea7ceedad07b80155fa0e"
dependencies = [
 "lock_api",
]

[[package]]
name = "stable_deref_trait"
version = "1.2.1"
source = "registry+https://github.com/rust-lang/crates.io-index"
checksum = "6ce2be8dc25455e1f91df71bfa12ad37d7af1092ae736f3a6cd0e37bc7810596"

[[package]]
name = "static_assertions"
version = "1.1.0"
source = "registry+https://github.com/rust-lang/crates.io-index"
checksum = "a2eb9349b6444b326872e140eb1cf5e7c522154d69e7a0ffb0fb81c06b37543f"

[[package]]
name = "strsim"
version = "0.11.1"
source = "registry+https://github.com/rust-lang/crates.io-index"
checksum = "7da8b5736845d9f2fcb837ea5d9e2628564b3b043a70948a3f0b778838c5fb4f"

[[package]]
name = "syn"
version = "1.0.109"
source = "registry+https://github.com/rust-lang/crates.io-index"
checksum = "72b64191b275b66ffe2469e8af2c1cfe3bafa67b529ead792a6d0160888b4237"
dependencies = [
 "proc-macro2",
 "quote",
 "unicode-ident",
]

[[package]]
name = "syn"
version = "2.0.119"
source = "registry+https://github.com/rust-lang/crates.io-index"
checksum = "872831b642d1a07999a962a351ed35b955ea2cfc8f3862091e2a240a84f17297"
dependencies = [
 "proc-macro2",
 "quote",
 "unicode-ident",
]

[[package]]
name = "syn"
version = "3.0.5"
source = "registry+https://github.com/rust-lang/crates.io-index"
checksum = "12df2e0110f65b775f769bb17ef989067a1d931b2eb822bd4346631eeada89f9"
dependencies = [
 "proc-macro2",
 "quote",
 "unicode-ident",
]

[[package]]
name = "thiserror"
version = "2.0.20"
source = "registry+https://github.com/rust-lang/crates.io-index"
checksum = "ec86235f5fcc2a73650310756d2ac5b138a5780bbbdfae3eeccec992c435ba4f"
dependencies = [
 "thiserror-impl",
]

[[package]]
name = "thiserror-impl"
version = "2.0.20"
source = "registry+https://github.com/rust-lang/crates.io-index"
checksum = "bc04cd3e1236dd4a98afca4569f2deb3f120e5422a4023be2cb683f8486292af"
dependencies = [
 "proc-macro2",
 "quote",
 "syn 3.0.5",
]

[[package]]
name = "thread_local"
version = "1.1.10"
source = "registry+https://github.com/rust-lang/crates.io-index"
checksum = "1ad99c4c6d32803332c548b1af0540b357b3f5fc0be8f6c6bfe8b2e6ae784070"
dependencies = [
 "cfg-if",
]

[[package]]
name = "topology-traits"
version = "0.1.2"
source = "registry+https://github.com/rust-lang/crates.io-index"
checksum = "c0c8dab428531e30115d3bfd6e3092b55256a4a7b4f87cb3abe37a000b1f4032"
dependencies = [
 "num-traits",
]

[[package]]
name = "tracing"
version = "0.1.44"
source = "registry+https://github.com/rust-lang/crates.io-index"
checksum = "63e71662fa4b2a2c3a26f570f037eb95bb1f85397f3cd8076caed2f026a6d100"
dependencies = [
 "pin-project-lite",
 "tracing-attributes",
 "tracing-core",
]

[[package]]
name = "tracing-attributes"
version = "0.1.31"
source = "registry+https://github.com/rust-lang/crates.io-index"
checksum = "7490cfa5ec963746568740651ac6781f701c9c5ea257c58e057f3ba8cf69e8da"
dependencies = [
 "proc-macro2",
 "quote",
 "syn 2.0.119",
]

[[package]]
name = "tracing-core"
version = "0.1.36"
source = "registry+https://github.com/rust-lang/crates.io-index"
checksum = "db97caf9d906fbde555dd62fa95ddba9eecfd14cb388e4f491a66d74cd5fb79a"
dependencies = [
 "once_cell",
 "valuable",
]

[[package]]
name = "tracing-log"
version = "0.2.0"
source = "registry+https://github.com/rust-lang/crates.io-index"
checksum = "ee855f1f400bd0e5c02d150ae5de3840039a3f54b025156404e34c23c03f47c3"
dependencies = [
 "log",
 "once_cell",
 "tracing-core",
]

[[package]]
name = "tracing-subscriber"
version = "0.3.23"
source = "registry+https://github.com/rust-lang/crates.io-index"
checksum = "cb7f578e5945fb242538965c2d0b04418d38ec25c79d160cd279bf0731c8d319"
dependencies = [
 "matchers",
 "nu-ansi-term",
 "once_cell",
 "regex-automata",
 "sharded-slab",
 "smallvec",
 "thread_local",
 "tracing",
 "tracing-core",
 "tracing-log",
]

[[package]]
name = "typenum"
version = "1.20.1"
source = "registry+https://github.com/rust-lang/crates.io-index"
checksum = "b6f5e870be6c3b371b77fe0ee0bafb859fa4964b4404c27de1d380043c4dda20"

[[package]]
name = "unicode-ident"
version = "1.0.24"
source = "registry+https://github.com/rust-lang/crates.io-index"
checksum = "e6e4313cd5fcd3dad5cafa179702e2b244f760991f45397d14d4ebf38247da75"

[[package]]
name = "unsafe-libyaml"
version = "0.2.11"
source = "registry+https://github.com/rust-lang/crates.io-index"
checksum = "673aac59facbab8a9007c7f6108d11f63b603f7cabff99fabf650fea5c32b861"

[[package]]
name = "valuable"
version = "0.1.1"
source = "registry+https://github.com/rust-lang/crates.io-index"
checksum = "ba73ea9cf16a25df0c8caa16c51acb937d5712a8429db78a3ee29d5dcacd3a65"

[[package]]
name = "vcell"
version = "0.1.3"
source = "registry+https://github.com/rust-lang/crates.io-index"
checksum = "77439c1b53d2303b20d9459b1ade71a83c716e3f9c34f3228c00e6f185d6c002"

[[package]]
name = "version_check"
version = "0.9.5"
source = "registry+https://github.com/rust-lang/crates.io-index"
checksum = "0b928f33d975fc6ad9f86c8f283853ad26bdd5b10b7f1542aa2fa15e2289105a"

[[package]]
name = "void"
version = "1.0.2"
source = "registry+https://github.com/rust-lang/crates.io-index"
checksum = "6a02e4885ed3bc0f2de90ea6dd45ebcbb66dacffe03547fadbb0eeae2770887d"

[[package]]
name = "volatile-register"
version = "0.2.2"
source = "registry+https://github.com/rust-lang/crates.io-index"
checksum = "de437e2a6208b014ab52972a27e59b33fa2920d3e00fe05026167a1c509d19cc"
dependencies = [
 "vcell",
]

[[package]]
name = "windows-link"
version = "0.2.1"
source = "registry+https://github.com/rust-lang/crates.io-index"
checksum = "f0805222e57f7521d6a62e36fa9163bc891acd422f971defe97d64e70d0a4fe5"

[[package]]
name = "windows-result"
version = "0.4.1"
source = "registry+https://github.com/rust-lang/crates.io-index"
checksum = "7781fa89eaf60850ac3d2da7af8e5242a5ea78d1a11c49bf2910bb5a73853eb5"
dependencies = [
 "windows-link",
]

[[package]]
name = "windows-sys"
version = "0.61.2"
source = "registry+https://github.com/rust-lang/crates.io-index"
checksum = "ae137229bcbd6cdf0f7b80a31df61766145077ddf49416a728b02cb3921ff3fc"
dependencies = [
 "windows-link",
]
